
Microsoft Visual Studio Solution File, Format Version 12.00
# Visual Studio Version 17
VisualStudioVersion = 17.0.32112.339
MinimumVisualStudioVersion = 10.0.40219.1
Project("{FAE04EC0-301F-11D3-BF4B-00C04F79EFBC}") = "Validation Form", "Validation Form\Validation Form.csproj", "{7C356092-3019-48A0-B39D-BD27D4109446}"
EndProject
Global
	GlobalSection(SolutionConfigurationPlatforms) = preSolution
		Debug|Any CPU = Debug|Any CPU
		Release|Any CPU = Release|Any CPU
	EndGlobalSection
	GlobalSection(ProjectConfigurationPlatforms) = postSolution
		{7C356092-3019-48A0-B39D-BD27D4109446}.Debug|Any CPU.ActiveCfg = Debug|Any CPU
		{7C356092-3019-48A0-B39D-BD27D4109446}.Debug|Any CPU.Build.0 = Debug|Any CPU
		{7C356092-3019-48A0-B39D-BD27D4109446}.Release|Any CPU.ActiveCfg = Release|Any CPU
		{7C356092-3019-48A0-B39D-BD27D4109446}.Release|Any CPU.Build.0 = Release|Any CPU
	EndGlobalSection
	GlobalSection(SolutionProperties) = preSolution
		HideSolutionNode = FALSE
	EndGlobalSection
	GlobalSection(ExtensibilityGlobals) = postSolution
		SolutionGuid = {B59B1D61-77B8-47B6-B2DF-C3E37A9633CA}
	EndGlobalSection
EndGlobal
